
Microsoft Visual Studio Solution File, Format Version 12.00
# Visual Studio Version 17
VisualStudioVersion = 17.11.35327.3
MinimumVisualStudioVersion = 10.0.40219.1
Project("{2150E333-8FDC-42A3-9474-1A3956D46DE8}") = "Services", "Services", "{A5766C96-482C-4186-A5F7-25885644B321}"
EndProject
Project("{2150E333-8FDC-42A3-9474-1A3956D46DE8}") = "Catalog", "Catalog", "{0AD8DA63-3380-4A43-BF43-6FF8060CDA2D}"
EndProject
Project("{9A19103F-16F7-4668-BE54-9A1E7A4F7556}") = "Catalog.API", "Services\Catalog\Catalog.API\Catalog.API.csproj", "{E30567BB-ECA2-41FA-91EB-7CBDB426E565}"
EndProject
Project("{2150E333-8FDC-42A3-9474-1A3956D46DE8}") = "BuildingBlocks", "BuildingBlocks", "{2EFE3F73-9AB2-4B84-A053-32C72263E1E1}"
EndProject
Project("{9A19103F-16F7-4668-BE54-9A1E7A4F7556}") = "BuildingBlocks", "BuildingBlocks\BuildingBlocks\BuildingBlocks.csproj", "{B54FD69D-D13A-4CCA-B458-C3A1B8B0DD52}"
EndProject
Project("{E53339B2-1760-4266-BCC7-CA923CBCF16C}") = "docker-compose", "docker-compose.dcproj", "{BF696FC1-A367-4013-83DC-08687F44DBDB}"
EndProject
Project("{2150E333-8FDC-42A3-9474-1A3956D46DE8}") = "Basket", "Basket", "{A9456540-217B-44CF-9ABE-085F1621B2CA}"
EndProject
Project("{9A19103F-16F7-4668-BE54-9A1E7A4F7556}") = "Basket.API", "Services\Basket\Basket.API\Basket.API.csproj", "{3B4E3D84-A59F-46F6-8AD1-B8B642BF884F}"
EndProject
Project("{2150E333-8FDC-42A3-9474-1A3956D46DE8}") = "Discount", "Discount", "{EE2D9732-2938-4742-880B-52B0EE34989A}"
EndProject
Project("{FAE04EC0-301F-11D3-BF4B-00C04F79EFBC}") = "Discount.Grpc", "Services\Discount\Discount.Grpc\Discount.Grpc.csproj", "{D7AD2FC9-EBF6-45E2-8D9E-8477826B7458}"
EndProject
Global
	GlobalSection(SolutionConfigurationPlatforms) = preSolution
		Debug|Any CPU = Debug|Any CPU
		Release|Any CPU = Release|Any CPU
	EndGlobalSection
	GlobalSection(ProjectConfigurationPlatforms) = postSolution
		{E30567BB-ECA2-41FA-91EB-7CBDB426E565}.Debug|Any CPU.ActiveCfg = Debug|Any CPU
		{E30567BB-ECA2-41FA-91EB-7CBDB426E565}.Debug|Any CPU.Build.0 = Debug|Any CPU
		{E30567BB-ECA2-41FA-91EB-7CBDB426E565}.Release|Any CPU.ActiveCfg = Release|Any CPU
		{E30567BB-ECA2-41FA-91EB-7CBDB426E565}.Release|Any CPU.Build.0 = Release|Any CPU
		{B54FD69D-D13A-4CCA-B458-C3A1B8B0DD52}.Debug|Any CPU.ActiveCfg = Debug|Any CPU
		{B54FD69D-D13A-4CCA-B458-C3A1B8B0DD52}.Debug|Any CPU.Build.0 = Debug|Any CPU
		{B54FD69D-D13A-4CCA-B458-C3A1B8B0DD52}.Release|Any CPU.ActiveCfg = Release|Any CPU
		{B54FD69D-D13A-4CCA-B458-C3A1B8B0DD52}.Release|Any CPU.Build.0 = Release|Any CPU
		{BF696FC1-A367-4013-83DC-08687F44DBDB}.Debug|Any CPU.ActiveCfg = Debug|Any CPU
		{BF696FC1-A367-4013-83DC-08687F44DBDB}.Debug|Any CPU.Build.0 = Debug|Any CPU
		{BF696FC1-A367-4013-83DC-08687F44DBDB}.Release|Any CPU.ActiveCfg = Release|Any CPU
		{BF696FC1-A367-4013-83DC-08687F44DBDB}.Release|Any CPU.Build.0 = Release|Any CPU
		{3B4E3D84-A59F-46F6-8AD1-B8B642BF884F}.Debug|Any CPU.ActiveCfg = Debug|Any CPU
		{3B4E3D84-A59F-46F6-8AD1-B8B642BF884F}.Debug|Any CPU.Build.0 = Debug|Any CPU
		{3B4E3D84-A59F-46F6-8AD1-B8B642BF884F}.Release|Any CPU.ActiveCfg = Release|Any CPU
		{3B4E3D84-A59F-46F6-8AD1-B8B642BF884F}.Release|Any CPU.Build.0 = Release|Any CPU
		{D7AD2FC9-EBF6-45E2-8D9E-8477826B7458}.Debug|Any CPU.ActiveCfg = Debug|Any CPU
		{D7AD2FC9-EBF6-45E2-8D9E-8477826B7458}.Debug|Any CPU.Build.0 = Debug|Any CPU
		{D7AD2FC9-EBF6-45E2-8D9E-8477826B7458}.Release|Any CPU.ActiveCfg = Release|Any CPU
		{D7AD2FC9-EBF6-45E2-8D9E-8477826B7458}.Release|Any CPU.Build.0 = Release|Any CPU
	EndGlobalSection
	GlobalSection(SolutionProperties) = preSolution
		HideSolutionNode = FALSE
	EndGlobalSection
	GlobalSection(NestedProjects) = preSolution
		{0AD8DA63-3380-4A43-BF43-6FF8060CDA2D} = {A5766C96-482C-4186-A5F7-25885644B321}
		{E30567BB-ECA2-41FA-91EB-7CBDB426E565} = {0AD8DA63-3380-4A43-BF43-6FF8060CDA2D}
		{B54FD69D-D13A-4CCA-B458-C3A1B8B0DD52} = {2EFE3F73-9AB2-4B84-A053-32C72263E1E1}
		{A9456540-217B-44CF-9ABE-085F1621B2CA} = {A5766C96-482C-4186-A5F7-25885644B321}
		{3B4E3D84-A59F-46F6-8AD1-B8B642BF884F} = {A9456540-217B-44CF-9ABE-085F1621B2CA}
		{EE2D9732-2938-4742-880B-52B0EE34989A} = {A5766C96-482C-4186-A5F7-25885644B321}
		{D7AD2FC9-EBF6-45E2-8D9E-8477826B7458} = {EE2D9732-2938-4742-880B-52B0EE34989A}
	EndGlobalSection
	GlobalSection(ExtensibilityGlobals) = postSolution
		SolutionGuid = {547A0D53-BD81-4815-8C14-599AD65A517E}
	EndGlobalSection
EndGlobal
